
Microsoft Visual Studio Solution File, Format Version 12.00
# Visual Studio Version 17
VisualStudioVersion = 17.9.34723.18
MinimumVisualStudioVersion = 10.0.40219.1
Project("{9A19103F-16F7-4668-BE54-9A1E7A4F7556}") = "SteamNexus", "SteamNexus\SteamNexus.csproj", "{E6CA5EE2-84DC-492B-BEBE-A88B93E38217}"
EndProject
Project("{9A19103F-16F7-4668-BE54-9A1E7A4F7556}") = "SteamNexusServer", "SteamNexusServer\SteamNexusServer.csproj", "{BE62E8DE-CADE-48A9-B3F2-D8CB84D2D955}"
EndProject
Project("{FAE04EC0-301F-11D3-BF4B-00C04F79EFBC}") = "SteamNexusSPA", "SteamNexusSPA\SteamNexusSPA.csproj", "{AA3898A6-58DE-4D35-B02E-D0DC03AD333B}"
EndProject
Global
	GlobalSection(SolutionConfigurationPlatforms) = preSolution
		Debug|Any CPU = Debug|Any CPU
		Release|Any CPU = Release|Any CPU
	EndGlobalSection
	GlobalSection(ProjectConfigurationPlatforms) = postSolution
		{E6CA5EE2-84DC-492B-BEBE-A88B93E38217}.Debug|Any CPU.ActiveCfg = Debug|Any CPU
		{E6CA5EE2-84DC-492B-BEBE-A88B93E38217}.Debug|Any CPU.Build.0 = Debug|Any CPU
		{E6CA5EE2-84DC-492B-BEBE-A88B93E38217}.Release|Any CPU.ActiveCfg = Release|Any CPU
		{E6CA5EE2-84DC-492B-BEBE-A88B93E38217}.Release|Any CPU.Build.0 = Release|Any CPU
		{BE62E8DE-CADE-48A9-B3F2-D8CB84D2D955}.Debug|Any CPU.ActiveCfg = Debug|Any CPU
		{BE62E8DE-CADE-48A9-B3F2-D8CB84D2D955}.Debug|Any CPU.Build.0 = Debug|Any CPU
		{BE62E8DE-CADE-48A9-B3F2-D8CB84D2D955}.Release|Any CPU.ActiveCfg = Release|Any CPU
		{BE62E8DE-CADE-48A9-B3F2-D8CB84D2D955}.Release|Any CPU.Build.0 = Release|Any CPU
		{AA3898A6-58DE-4D35-B02E-D0DC03AD333B}.Debug|Any CPU.ActiveCfg = Debug|Any CPU
		{AA3898A6-58DE-4D35-B02E-D0DC03AD333B}.Debug|Any CPU.Build.0 = Debug|Any CPU
		{AA3898A6-58DE-4D35-B02E-D0DC03AD333B}.Release|Any CPU.ActiveCfg = Release|Any CPU
		{AA3898A6-58DE-4D35-B02E-D0DC03AD333B}.Release|Any CPU.Build.0 = Release|Any CPU
	EndGlobalSection
	GlobalSection(SolutionProperties) = preSolution
		HideSolutionNode = FALSE
	EndGlobalSection
	GlobalSection(ExtensibilityGlobals) = postSolution
		SolutionGuid = {3B8F0F89-7D0C-4EF7-BCA6-C52D41A21DA9}
	EndGlobalSection
EndGlobal
